<?xml version="1.0" encoding="utf-8"?>
<Project ToolsVersion="4.0" xmlns="http://schemas.microsoft.com/developer/msbuild/2003">
  <ItemGroup>
    <Filter Include="Source Files">
      <UniqueIdentifier>{4FC737F1-C7A5-4376-A066-2A32D752A2FF}</UniqueIdentifier>
      <Extensions>cpp;c;cc;cxx;def;odl;idl;hpj;bat;asm;asmx</Extensions>
    </Filter>
    <Filter Include="Header Files">
      <UniqueIdentifier>{93995380-89BD-4b04-88EB-625FBE52EBFB}</UniqueIdentifier>
      <Extensions>h;hpp;hxx;hm;inl;inc;xsd</Extensions>
    </Filter>
    <Filter Include="Resource Files">
      <UniqueIdentifier>{67DA6AB6-F800-4c08-8B7A-83BB121AAD01}</UniqueIdentifier>
      <Extensions>rc;ico;cur;bmp;dlg;rc2;rct;bin;rgs;gif;jpg;jpeg;jpe;resx;tiff;tif;png;wav</Extensions>
    </Filter>
    <Filter Include="h264">
      <UniqueIdentifier>{116b39a5-ee96-4307-883e-6e78d000ffb4}</UniqueIdentifier>
    </Filter>
  </ItemGroup>
  <ItemGroup>
    <ClCompile Include="av_conn.c">
      <Filter>Source Files</Filter>
    </ClCompile>
    <ClCompile Include="..\p2pdemo\getopt.c">
      <Filter>Source Files</Filter>
    </ClCompile>
    <ClCompile Include="gssdemo.c">
      <Filter>Source Files</Filter>
    </ClCompile>
    <ClCompile Include="live_conn.c">
      <Filter>Source Files</Filter>
    </ClCompile>
    <ClCompile Include="signaling_conn.c">
      <Filter>Source Files</Filter>
    </ClCompile>
    <ClCompile Include="..\..\..\common\tm.c">
      <Filter>Source Files</Filter>
    </ClCompile>
    <ClCompile Include="h264\dd_yuv.cpp">
      <Filter>h264</Filter>
    </ClCompile>
    <ClCompile Include="h264\ffmpeg_h264_decoder.c">
      <Filter>h264</Filter>
    </ClCompile>
    <ClCompile Include="h264\h264_reader.c">
      <Filter>h264</Filter>
    </ClCompile>
    <ClCompile Include="h264\st_queue.c">
      <Filter>h264</Filter>
    </ClCompile>
    <ClCompile Include="h264\video_wnd.c">
      <Filter>h264</Filter>
    </ClCompile>
  </ItemGroup>
  <ItemGroup>
    <ClInclude Include="av_conn.h">
      <Filter>Header Files</Filter>
    </ClInclude>
    <ClInclude Include="..\p2pdemo\getopt.h">
      <Filter>Header Files</Filter>
    </ClInclude>
    <ClInclude Include="live_conn.h">
      <Filter>Header Files</Filter>
    </ClInclude>
    <ClInclude Include="signaling_conn.h">
      <Filter>Header Files</Filter>
    </ClInclude>
    <ClInclude Include="..\..\common\tm.h">
      <Filter>Header Files</Filter>
    </ClInclude>
    <ClInclude Include="h264\dd_yuv.h">
      <Filter>h264</Filter>
    </ClInclude>
    <ClInclude Include="h264\ffmpeg_h264_decoder.h">
      <Filter>h264</Filter>
    </ClInclude>
    <ClInclude Include="h264\h264_reader.h">
      <Filter>h264</Filter>
    </ClInclude>
    <ClInclude Include="h264\st_queue.h">
      <Filter>h264</Filter>
    </ClInclude>
    <ClInclude Include="h264\video_wnd.h">
      <Filter>h264</Filter>
    </ClInclude>
  </ItemGroup>
  <ItemGroup>
    <Text Include="ReadMe.txt" />
  </ItemGroup>
</Project>