// !$*UTF8*$!
{
	archiveVersion = 1;
	classes = {
	};
	objectVersion = 46;
	objects = {

/* Begin PBXBuildFile section */
		7C5D9FF91B9D6776008AA3EA /* libp2p.a in Frameworks */ = {isa = PBXBuildFile; fileRef = 7C6302B51AB7B6E9004B40CF /* libp2p.a */; };
		7C63028D1AB7B6D2004B40CF /* main.m in Sources */ = {isa = PBXBuildFile; fileRef = 7C63028C1AB7B6D2004B40CF /* main.m */; };
		7C6302901AB7B6D2004B40CF /* AppDelegate.m in Sources */ = {isa = PBXBuildFile; fileRef = 7C63028F1AB7B6D2004B40CF /* AppDelegate.m */; };
		7C6302931AB7B6D2004B40CF /* ViewController.m in Sources */ = {isa = PBXBuildFile; fileRef = 7C6302921AB7B6D2004B40CF /* ViewController.m */; };
		7C6302961AB7B6D2004B40CF /* Main.storyboard in Resources */ = {isa = PBXBuildFile; fileRef = 7C6302941AB7B6D2004B40CF /* Main.storyboard */; };
		7C6302981AB7B6D2004B40CF /* Images.xcassets in Resources */ = {isa = PBXBuildFile; fileRef = 7C6302971AB7B6D2004B40CF /* Images.xcassets */; };
		7C63029B1AB7B6D2004B40CF /* LaunchScreen.xib in Resources */ = {isa = PBXBuildFile; fileRef = 7C6302991AB7B6D2004B40CF /* LaunchScreen.xib */; };
		7C8F604D1C1E64340086EB38 /* libc++.tbd in Frameworks */ = {isa = PBXBuildFile; fileRef = 7C8F604C1C1E64340086EB38 /* libc++.tbd */; };
/* End PBXBuildFile section */

/* Begin PBXContainerItemProxy section */
		7C6302B41AB7B6E9004B40CF /* PBXContainerItemProxy */ = {
			isa = PBXContainerItemProxy;
			containerPortal = 7C6302B01AB7B6E9004B40CF /* p2p.xcodeproj */;
			proxyType = 2;
			remoteGlobalIDString = 7C8A24D51AB675E1005625F1;
			remoteInfo = p2p;
		};
		7C6302B61AB7B714004B40CF /* PBXContainerItemProxy */ = {
			isa = PBXContainerItemProxy;
			containerPortal = 7C6302B01AB7B6E9004B40CF /* p2p.xcodeproj */;
			proxyType = 1;
			remoteGlobalIDString = 7C8A24D41AB675E1005625F1;
			remoteInfo = p2p;
		};
		7C7ECEF21B8469A200FB2DA2 /* PBXContainerItemProxy */ = {
			isa = PBXContainerItemProxy;
			containerPortal = 7C7ECEED1B8469A100FB2DA2 /* macp2p.xcodeproj */;
			proxyType = 2;
			remoteGlobalIDString = 7C7ECED31B8469A100FB2DA2;
			remoteInfo = macp2p;
		};
		7C7ED0071B846CFC00FB2DA2 /* PBXContainerItemProxy */ = {
			isa = PBXContainerItemProxy;
			containerPortal = 7C7ED0031B846CFA00FB2DA2 /* macp2pdemo.xcodeproj */;
			proxyType = 2;
			remoteGlobalIDString = 7C7ECFF91B846CFA00FB2DA2;
			remoteInfo = macp2pdemo;
		};
/* End PBXContainerItemProxy section */

/* Begin PBXFileReference section */
		7C6302871AB7B6D2004B40CF /* p2pdemo.app */ = {isa = PBXFileReference; explicitFileType = wrapper.application; includeInIndex = 0; path = p2pdemo.app; sourceTree = BUILT_PRODUCTS_DIR; };
		7C63028B1AB7B6D2004B40CF /* Info.plist */ = {isa = PBXFileReference; lastKnownFileType = text.plist.xml; path = Info.plist; sourceTree = "<group>"; };
		7C63028C1AB7B6D2004B40CF /* main.m */ = {isa = PBXFileReference; lastKnownFileType = sourcecode.c.objc; path = main.m; sourceTree = "<group>"; };
		7C63028E1AB7B6D2004B40CF /* AppDelegate.h */ = {isa = PBXFileReference; lastKnownFileType = sourcecode.c.h; path = AppDelegate.h; sourceTree = "<group>"; };
		7C63028F1AB7B6D2004B40CF /* AppDelegate.m */ = {isa = PBXFileReference; lastKnownFileType = sourcecode.c.objc; path = AppDelegate.m; sourceTree = "<group>"; };
		7C6302911AB7B6D2004B40CF /* ViewController.h */ = {isa = PBXFileReference; lastKnownFileType = sourcecode.c.h; path = ViewController.h; sourceTree = "<group>"; };
		7C6302921AB7B6D2004B40CF /* ViewController.m */ = {isa = PBXFileReference; lastKnownFileType = sourcecode.c.objc; path = ViewController.m; sourceTree = "<group>"; };
		7C6302951AB7B6D2004B40CF /* Base */ = {isa = PBXFileReference; lastKnownFileType = file.storyboard; name = Base; path = Base.lproj/Main.storyboard; sourceTree = "<group>"; };
		7C6302971AB7B6D2004B40CF /* Images.xcassets */ = {isa = PBXFileReference; lastKnownFileType = folder.assetcatalog; path = Images.xcassets; sourceTree = "<group>"; };
		7C63029A1AB7B6D2004B40CF /* Base */ = {isa = PBXFileReference; lastKnownFileType = file.xib; name = Base; path = Base.lproj/LaunchScreen.xib; sourceTree = "<group>"; };
		7C6302B01AB7B6E9004B40CF /* p2p.xcodeproj */ = {isa = PBXFileReference; lastKnownFileType = "wrapper.pb-project"; name = p2p.xcodeproj; path = ../p2p/p2p.xcodeproj; sourceTree = "<group>"; };
		7C7ECEED1B8469A100FB2DA2 /* macp2p.xcodeproj */ = {isa = PBXFileReference; lastKnownFileType = "wrapper.pb-project"; name = macp2p.xcodeproj; path = ../macp2p/macp2p.xcodeproj; sourceTree = "<group>"; };
		7C7ED0031B846CFA00FB2DA2 /* macp2pdemo.xcodeproj */ = {isa = PBXFileReference; lastKnownFileType = "wrapper.pb-project"; name = macp2pdemo.xcodeproj; path = ../macp2pdemo/macp2pdemo.xcodeproj; sourceTree = "<group>"; };
		7C8F604C1C1E64340086EB38 /* libc++.tbd */ = {isa = PBXFileReference; lastKnownFileType = "sourcecode.text-based-dylib-definition"; name = "libc++.tbd"; path = "usr/lib/libc++.tbd"; sourceTree = SDKROOT; };
/* End PBXFileReference section */

/* Begin PBXFrameworksBuildPhase section */
		7C6302841AB7B6D2004B40CF /* Frameworks */ = {
			isa = PBXFrameworksBuildPhase;
			buildActionMask = 2147483647;
			files = (
				7C8F604D1C1E64340086EB38 /* libc++.tbd in Frameworks */,
				7C5D9FF91B9D6776008AA3EA /* libp2p.a in Frameworks */,
			);
			runOnlyForDeploymentPostprocessing = 0;
		};
/* End PBXFrameworksBuildPhase section */

/* Begin PBXGroup section */
		7C63027E1AB7B6D2004B40CF = {
			isa = PBXGroup;
			children = (
				7C8F604C1C1E64340086EB38 /* libc++.tbd */,
				7C7ED0031B846CFA00FB2DA2 /* macp2pdemo.xcodeproj */,
				7C7ECEED1B8469A100FB2DA2 /* macp2p.xcodeproj */,
				7C6302B01AB7B6E9004B40CF /* p2p.xcodeproj */,
				7C6302891AB7B6D2004B40CF /* p2pdemo */,
				7C6302881AB7B6D2004B40CF /* Products */,
			);
			sourceTree = "<group>";
		};
		7C6302881AB7B6D2004B40CF /* Products */ = {
			isa = PBXGroup;
			children = (
				7C6302871AB7B6D2004B40CF /* p2pdemo.app */,
			);
			name = Products;
			sourceTree = "<group>";
		};
		7C6302891AB7B6D2004B40CF /* p2pdemo */ = {
			isa = PBXGroup;
			children = (
				7C63028E1AB7B6D2004B40CF /* AppDelegate.h */,
				7C63028F1AB7B6D2004B40CF /* AppDelegate.m */,
				7C6302911AB7B6D2004B40CF /* ViewController.h */,
				7C6302921AB7B6D2004B40CF /* ViewController.m */,
				7C6302941AB7B6D2004B40CF /* Main.storyboard */,
				7C6302971AB7B6D2004B40CF /* Images.xcassets */,
				7C6302991AB7B6D2004B40CF /* LaunchScreen.xib */,
				7C63028A1AB7B6D2004B40CF /* Supporting Files */,
			);
			path = p2pdemo;
			sourceTree = "<group>";
		};
		7C63028A1AB7B6D2004B40CF /* Supporting Files */ = {
			isa = PBXGroup;
			children = (
				7C63028B1AB7B6D2004B40CF /* Info.plist */,
				7C63028C1AB7B6D2004B40CF /* main.m */,
			);
			name = "Supporting Files";
			sourceTree = "<group>";
		};
		7C6302B11AB7B6E9004B40CF /* Products */ = {
			isa = PBXGroup;
			children = (
				7C6302B51AB7B6E9004B40CF /* libp2p.a */,
			);
			name = Products;
			sourceTree = "<group>";
		};
		7C7ECEEE1B8469A100FB2DA2 /* Products */ = {
			isa = PBXGroup;
			children = (
				7C7ECEF31B8469A200FB2DA2 /* libmacp2p.a */,
			);
			name = Products;
			sourceTree = "<group>";
		};
		7C7ED0041B846CFA00FB2DA2 /* Products */ = {
			isa = PBXGroup;
			children = (
				7C7ED0081B846CFC00FB2DA2 /* macp2pdemo */,
			);
			name = Products;
			sourceTree = "<group>";
		};
/* End PBXGroup section */

/* Begin PBXNativeTarget section */
		7C6302861AB7B6D2004B40CF /* p2pdemo */ = {
			isa = PBXNativeTarget;
			buildConfigurationList = 7C6302AA1AB7B6D2004B40CF /* Build configuration list for PBXNativeTarget "p2pdemo" */;
			buildPhases = (
				7C6302831AB7B6D2004B40CF /* Sources */,
				7C6302841AB7B6D2004B40CF /* Frameworks */,
				7C6302851AB7B6D2004B40CF /* Resources */,
			);
			buildRules = (
			);
			dependencies = (
				7C6302B71AB7B714004B40CF /* PBXTargetDependency */,
			);
			name = p2pdemo;
			productName = p2pdemo;
			productReference = 7C6302871AB7B6D2004B40CF /* p2pdemo.app */;
			productType = "com.apple.product-type.application";
		};
/* End PBXNativeTarget section */

/* Begin PBXProject section */
		7C63027F1AB7B6D2004B40CF /* Project object */ = {
			isa = PBXProject;
			attributes = {
				LastUpgradeCheck = 0610;
				ORGANIZATIONNAME = yhzl;
				TargetAttributes = {
					7C6302861AB7B6D2004B40CF = {
						CreatedOnToolsVersion = 6.1;
						DevelopmentTeam = P3AK9LX343;
					};
				};
			};
			buildConfigurationList = 7C6302821AB7B6D2004B40CF /* Build configuration list for PBXProject "p2pdemo" */;
			compatibilityVersion = "Xcode 3.2";
			developmentRegion = English;
			hasScannedForEncodings = 0;
			knownRegions = (
				en,
				Base,
			);
			mainGroup = 7C63027E1AB7B6D2004B40CF;
			productRefGroup = 7C6302881AB7B6D2004B40CF /* Products */;
			projectDirPath = "";
			projectReferences = (
				{
					ProductGroup = 7C7ECEEE1B8469A100FB2DA2 /* Products */;
					ProjectRef = 7C7ECEED1B8469A100FB2DA2 /* macp2p.xcodeproj */;
				},
				{
					ProductGroup = 7C7ED0041B846CFA00FB2DA2 /* Products */;
					ProjectRef = 7C7ED0031B846CFA00FB2DA2 /* macp2pdemo.xcodeproj */;
				},
				{
					ProductGroup = 7C6302B11AB7B6E9004B40CF /* Products */;
					ProjectRef = 7C6302B01AB7B6E9004B40CF /* p2p.xcodeproj */;
				},
			);
			projectRoot = "";
			targets = (
				7C6302861AB7B6D2004B40CF /* p2pdemo */,
			);
		};
/* End PBXProject section */

/* Begin PBXReferenceProxy section */
		7C6302B51AB7B6E9004B40CF /* libp2p.a */ = {
			isa = PBXReferenceProxy;
			fileType = archive.ar;
			path = libp2p.a;
			remoteRef = 7C6302B41AB7B6E9004B40CF /* PBXContainerItemProxy */;
			sourceTree = BUILT_PRODUCTS_DIR;
		};
		7C7ECEF31B8469A200FB2DA2 /* libmacp2p.a */ = {
			isa = PBXReferenceProxy;
			fileType = "compiled.mach-o.dylib";
			path = libmacp2p.a;
			remoteRef = 7C7ECEF21B8469A200FB2DA2 /* PBXContainerItemProxy */;
			sourceTree = BUILT_PRODUCTS_DIR;
		};
		7C7ED0081B846CFC00FB2DA2 /* macp2pdemo */ = {
			isa = PBXReferenceProxy;
			fileType = "compiled.mach-o.executable";
			path = macp2pdemo;
			remoteRef = 7C7ED0071B846CFC00FB2DA2 /* PBXContainerItemProxy */;
			sourceTree = BUILT_PRODUCTS_DIR;
		};
/* End PBXReferenceProxy section */

/* Begin PBXResourcesBuildPhase section */
		7C6302851AB7B6D2004B40CF /* Resources */ = {
			isa = PBXResourcesBuildPhase;
			buildActionMask = 2147483647;
			files = (
				7C6302961AB7B6D2004B40CF /* Main.storyboard in Resources */,
				7C63029B1AB7B6D2004B40CF /* LaunchScreen.xib in Resources */,
				7C6302981AB7B6D2004B40CF /* Images.xcassets in Resources */,
			);
			runOnlyForDeploymentPostprocessing = 0;
		};
/* End PBXResourcesBuildPhase section */

/* Begin PBXSourcesBuildPhase section */
		7C6302831AB7B6D2004B40CF /* Sources */ = {
			isa = PBXSourcesBuildPhase;
			buildActionMask = 2147483647;
			files = (
				7C6302931AB7B6D2004B40CF /* ViewController.m in Sources */,
				7C6302901AB7B6D2004B40CF /* AppDelegate.m in Sources */,
				7C63028D1AB7B6D2004B40CF /* main.m in Sources */,
			);
			runOnlyForDeploymentPostprocessing = 0;
		};
/* End PBXSourcesBuildPhase section */

/* Begin PBXTargetDependency section */
		7C6302B71AB7B714004B40CF /* PBXTargetDependency */ = {
			isa = PBXTargetDependency;
			name = p2p;
			targetProxy = 7C6302B61AB7B714004B40CF /* PBXContainerItemProxy */;
		};
/* End PBXTargetDependency section */

/* Begin PBXVariantGroup section */
		7C6302941AB7B6D2004B40CF /* Main.storyboard */ = {
			isa = PBXVariantGroup;
			children = (
				7C6302951AB7B6D2004B40CF /* Base */,
			);
			name = Main.storyboard;
			sourceTree = "<group>";
		};
		7C6302991AB7B6D2004B40CF /* LaunchScreen.xib */ = {
			isa = PBXVariantGroup;
			children = (
				7C63029A1AB7B6D2004B40CF /* Base */,
			);
			name = LaunchScreen.xib;
			sourceTree = "<group>";
		};
/* End PBXVariantGroup section */

/* Begin XCBuildConfiguration section */
		7C6302A81AB7B6D2004B40CF /* Debug */ = {
			isa = XCBuildConfiguration;
			buildSettings = {
				ALWAYS_SEARCH_USER_PATHS = NO;
				CLANG_CXX_LANGUAGE_STANDARD = "gnu++0x";
				CLANG_CXX_LIBRARY = "libc++";
				CLANG_ENABLE_MODULES = YES;
				CLANG_ENABLE_OBJC_ARC = YES;
				CLANG_WARN_BOOL_CONVERSION = YES;
				CLANG_WARN_CONSTANT_CONVERSION = YES;
				CLANG_WARN_DIRECT_OBJC_ISA_USAGE = YES_ERROR;
				CLANG_WARN_EMPTY_BODY = YES;
				CLANG_WARN_ENUM_CONVERSION = YES;
				CLANG_WARN_INT_CONVERSION = YES;
				CLANG_WARN_OBJC_ROOT_CLASS = YES_ERROR;
				CLANG_WARN_UNREACHABLE_CODE = YES;
				CLANG_WARN__DUPLICATE_METHOD_MATCH = YES;
				"CODE_SIGN_IDENTITY[sdk=iphoneos*]" = "iPhone Developer";
				COPY_PHASE_STRIP = NO;
				ENABLE_STRICT_OBJC_MSGSEND = YES;
				GCC_C_LANGUAGE_STANDARD = gnu99;
				GCC_DYNAMIC_NO_PIC = NO;
				GCC_OPTIMIZATION_LEVEL = 0;
				GCC_PREPROCESSOR_DEFINITIONS = (
					"DEBUG=1",
					"$(inherited)",
				);
				GCC_SYMBOLS_PRIVATE_EXTERN = NO;
				GCC_WARN_64_TO_32_BIT_CONVERSION = YES;
				GCC_WARN_ABOUT_RETURN_TYPE = YES_ERROR;
				GCC_WARN_UNDECLARED_SELECTOR = YES;
				GCC_WARN_UNINITIALIZED_AUTOS = YES_AGGRESSIVE;
				GCC_WARN_UNUSED_FUNCTION = YES;
				GCC_WARN_UNUSED_VARIABLE = YES;
				IPHONEOS_DEPLOYMENT_TARGET = 6.0;
				MTL_ENABLE_DEBUG_INFO = YES;
				ONLY_ACTIVE_ARCH = YES;
				SDKROOT = iphoneos;
				TARGETED_DEVICE_FAMILY = "1,2";
			};
			name = Debug;
		};
		7C6302A91AB7B6D2004B40CF /* Release */ = {
			isa = XCBuildConfiguration;
			buildSettings = {
				ALWAYS_SEARCH_USER_PATHS = NO;
				CLANG_CXX_LANGUAGE_STANDARD = "gnu++0x";
				CLANG_CXX_LIBRARY = "libc++";
				CLANG_ENABLE_MODULES = YES;
				CLANG_ENABLE_OBJC_ARC = YES;
				CLANG_WARN_BOOL_CONVERSION = YES;
				CLANG_WARN_CONSTANT_CONVERSION = YES;
				CLANG_WARN_DIRECT_OBJC_ISA_USAGE = YES_ERROR;
				CLANG_WARN_EMPTY_BODY = YES;
				CLANG_WARN_ENUM_CONVERSION = YES;
				CLANG_WARN_INT_CONVERSION = YES;
				CLANG_WARN_OBJC_ROOT_CLASS = YES_ERROR;
				CLANG_WARN_UNREACHABLE_CODE = YES;
				CLANG_WARN__DUPLICATE_METHOD_MATCH = YES;
				"CODE_SIGN_IDENTITY[sdk=iphoneos*]" = "iPhone Developer";
				COPY_PHASE_STRIP = YES;
				ENABLE_NS_ASSERTIONS = NO;
				ENABLE_STRICT_OBJC_MSGSEND = YES;
				GCC_C_LANGUAGE_STANDARD = gnu99;
				GCC_WARN_64_TO_32_BIT_CONVERSION = YES;
				GCC_WARN_ABOUT_RETURN_TYPE = YES_ERROR;
				GCC_WARN_UNDECLARED_SELECTOR = YES;
				GCC_WARN_UNINITIALIZED_AUTOS = YES_AGGRESSIVE;
				GCC_WARN_UNUSED_FUNCTION = YES;
				GCC_WARN_UNUSED_VARIABLE = YES;
				IPHONEOS_DEPLOYMENT_TARGET = 6.0;
				MTL_ENABLE_DEBUG_INFO = NO;
				SDKROOT = iphoneos;
				TARGETED_DEVICE_FAMILY = "1,2";
				VALIDATE_PRODUCT = YES;
			};
			name = Release;
		};
		7C6302AB1AB7B6D2004B40CF /* Debug */ = {
			isa = XCBuildConfiguration;
			buildSettings = {
				ASSETCATALOG_COMPILER_APPICON_NAME = AppIcon;
				CODE_SIGN_IDENTITY = "iPhone Developer";
				"CODE_SIGN_IDENTITY[sdk=iphoneos*]" = "iPhone Developer";
				DEVELOPMENT_TEAM = P3AK9LX343;
				HEADER_SEARCH_PATHS = (
					"$(inherited)",
					/Applications/Xcode.app/Contents/Developer/Toolchains/XcodeDefault.xctoolchain/usr/include,
					../../sdk/include,
				);
				INFOPLIST_FILE = p2pdemo/Info.plist;
				IPHONEOS_DEPLOYMENT_TARGET = 10.0;
				LD_RUNPATH_SEARCH_PATHS = "$(inherited) @executable_path/Frameworks";
				PRODUCT_NAME = "$(TARGET_NAME)";
				PROVISIONING_PROFILE = "";
			};
			name = Debug;
		};
		7C6302AC1AB7B6D2004B40CF /* Release */ = {
			isa = XCBuildConfiguration;
			buildSettings = {
				ASSETCATALOG_COMPILER_APPICON_NAME = AppIcon;
				CODE_SIGN_IDENTITY = "iPhone Developer";
				"CODE_SIGN_IDENTITY[sdk=iphoneos*]" = "iPhone Developer";
				DEVELOPMENT_TEAM = P3AK9LX343;
				HEADER_SEARCH_PATHS = (
					"$(inherited)",
					/Applications/Xcode.app/Contents/Developer/Toolchains/XcodeDefault.xctoolchain/usr/include,
					../../sdk/include,
				);
				INFOPLIST_FILE = p2pdemo/Info.plist;
				IPHONEOS_DEPLOYMENT_TARGET = 10.0;
				LD_RUNPATH_SEARCH_PATHS = "$(inherited) @executable_path/Frameworks";
				PRODUCT_NAME = "$(TARGET_NAME)";
				PROVISIONING_PROFILE = "";
			};
			name = Release;
		};
/* End XCBuildConfiguration section */

/* Begin XCConfigurationList section */
		7C6302821AB7B6D2004B40CF /* Build configuration list for PBXProject "p2pdemo" */ = {
			isa = XCConfigurationList;
			buildConfigurations = (
				7C6302A81AB7B6D2004B40CF /* Debug */,
				7C6302A91AB7B6D2004B40CF /* Release */,
			);
			defaultConfigurationIsVisible = 0;
			defaultConfigurationName = Release;
		};
		7C6302AA1AB7B6D2004B40CF /* Build configuration list for PBXNativeTarget "p2pdemo" */ = {
			isa = XCConfigurationList;
			buildConfigurations = (
				7C6302AB1AB7B6D2004B40CF /* Debug */,
				7C6302AC1AB7B6D2004B40CF /* Release */,
			);
			defaultConfigurationIsVisible = 0;
			defaultConfigurationName = Release;
		};
/* End XCConfigurationList section */
	};
	rootObject = 7C63027F1AB7B6D2004B40CF /* Project object */;
}
